
Microsoft Visual Studio Solution File, Format Version 11.00
# Visual Studio 2010
Project("{8BC9CEB8-8B4A-11D0-8D11-00A0C91BC942}") = "shower-engine", "shower-engine\shower-engine.vcxproj", "{E4539ECD-0E70-4498-BA12-978E865D9E35}"
EndProject
Project("{8BC9CEB8-8B4A-11D0-8D11-00A0C91BC942}") = "Input", "Input\Input.vcxproj", "{D7142544-3366-469A-A2B6-BE78F2C90BDA}"
EndProject
Project("{8BC9CEB8-8B4A-11D0-8D11-00A0C91BC942}") = "Utility", "Utility\Utility.vcxproj", "{F9EA170A-E9B8-42BD-8534-BCC4317AB9EB}"
EndProject
Project("{8BC9CEB8-8B4A-11D0-8D11-00A0C91BC942}") = "Sound", "Sound\Sound.vcxproj", "{C632DFF7-F2B7-4B15-AD38-B46641BBC154}"
EndProject
Project("{8BC9CEB8-8B4A-11D0-8D11-00A0C91BC942}") = "Debugger", "Debugger\Debugger.vcxproj", "{90E463DA-0A53-440A-B566-FF61B9509547}"
EndProject
Global
	GlobalSection(SolutionConfigurationPlatforms) = preSolution
		Debug|Win32 = Debug|Win32
		Release|Win32 = Release|Win32
	EndGlobalSection
	GlobalSection(ProjectConfigurationPlatforms) = postSolution
		{E4539ECD-0E70-4498-BA12-978E865D9E35}.Debug|Win32.ActiveCfg = Debug|Win32
		{E4539ECD-0E70-4498-BA12-978E865D9E35}.Debug|Win32.Build.0 = Debug|Win32
		{E4539ECD-0E70-4498-BA12-978E865D9E35}.Release|Win32.ActiveCfg = Release|Win32
		{E4539ECD-0E70-4498-BA12-978E865D9E35}.Release|Win32.Build.0 = Release|Win32
		{D7142544-3366-469A-A2B6-BE78F2C90BDA}.Debug|Win32.ActiveCfg = Debug|Win32
		{D7142544-3366-469A-A2B6-BE78F2C90BDA}.Debug|Win32.Build.0 = Debug|Win32
		{D7142544-3366-469A-A2B6-BE78F2C90BDA}.Release|Win32.ActiveCfg = Release|Win32
		{D7142544-3366-469A-A2B6-BE78F2C90BDA}.Release|Win32.Build.0 = Release|Win32
		{F9EA170A-E9B8-42BD-8534-BCC4317AB9EB}.Debug|Win32.ActiveCfg = Debug|Win32
		{F9EA170A-E9B8-42BD-8534-BCC4317AB9EB}.Debug|Win32.Build.0 = Debug|Win32
		{F9EA170A-E9B8-42BD-8534-BCC4317AB9EB}.Release|Win32.ActiveCfg = Release|Win32
		{F9EA170A-E9B8-42BD-8534-BCC4317AB9EB}.Release|Win32.Build.0 = Release|Win32
		{C632DFF7-F2B7-4B15-AD38-B46641BBC154}.Debug|Win32.ActiveCfg = Debug|Win32
		{C632DFF7-F2B7-4B15-AD38-B46641BBC154}.Debug|Win32.Build.0 = Debug|Win32
		{C632DFF7-F2B7-4B15-AD38-B46641BBC154}.Release|Win32.ActiveCfg = Release|Win32
		{C632DFF7-F2B7-4B15-AD38-B46641BBC154}.Release|Win32.Build.0 = Release|Win32
		{90E463DA-0A53-440A-B566-FF61B9509547}.Debug|Win32.ActiveCfg = Debug|Win32
		{90E463DA-0A53-440A-B566-FF61B9509547}.Debug|Win32.Build.0 = Debug|Win32
		{90E463DA-0A53-440A-B566-FF61B9509547}.Release|Win32.ActiveCfg = Release|Win32
		{90E463DA-0A53-440A-B566-FF61B9509547}.Release|Win32.Build.0 = Release|Win32
	EndGlobalSection
	GlobalSection(SolutionProperties) = preSolution
		HideSolutionNode = FALSE
	EndGlobalSection
EndGlobal
